
Microsoft Visual Studio Solution File, Format Version 12.00
# Visual Studio 2013
VisualStudioVersion = 12.0.21005.1
MinimumVisualStudioVersion = 10.0.40219.1
Project("{FAE04EC0-301F-11D3-BF4B-00C04F79EFBC}") = "InventorySystem", "InventorySystem\InventorySystem.csproj", "{6D2F699A-8AE2-4835-961A-80F2F7316815}"
EndProject
Project("{FAE04EC0-301F-11D3-BF4B-00C04F79EFBC}") = "ProjectTest", "ProjectTest\ProjectTest.csproj", "{7974356E-B5DB-45F8-BCF4-A3783E1091A7}"
EndProject
Global
	GlobalSection(SolutionConfigurationPlatforms) = preSolution
		Debug|Any CPU = Debug|Any CPU
		Release|Any CPU = Release|Any CPU
	EndGlobalSection
	GlobalSection(ProjectConfigurationPlatforms) = postSolution
		{6D2F699A-8AE2-4835-961A-80F2F7316815}.Debug|Any CPU.ActiveCfg = Debug|Any CPU
		{6D2F699A-8AE2-4835-961A-80F2F7316815}.Debug|Any CPU.Build.0 = Debug|Any CPU
		{6D2F699A-8AE2-4835-961A-80F2F7316815}.Release|Any CPU.ActiveCfg = Release|Any CPU
		{6D2F699A-8AE2-4835-961A-80F2F7316815}.Release|Any CPU.Build.0 = Release|Any CPU
		{7974356E-B5DB-45F8-BCF4-A3783E1091A7}.Debug|Any CPU.ActiveCfg = Debug|Any CPU
		{7974356E-B5DB-45F8-BCF4-A3783E1091A7}.Debug|Any CPU.Build.0 = Debug|Any CPU
		{7974356E-B5DB-45F8-BCF4-A3783E1091A7}.Release|Any CPU.ActiveCfg = Release|Any CPU
		{7974356E-B5DB-45F8-BCF4-A3783E1091A7}.Release|Any CPU.Build.0 = Release|Any CPU
	EndGlobalSection
	GlobalSection(SolutionProperties) = preSolution
		HideSolutionNode = FALSE
	EndGlobalSection
EndGlobal
